
Microsoft Visual Studio Solution File, Format Version 12.00
# Visual Studio Version 17
VisualStudioVersion = 17.5.002.0
MinimumVisualStudioVersion = 10.0.40219.1
Project("{9A19103F-16F7-4668-BE54-9A1E7A4F7556}") = "FestivalCarthage", "FestivalCarthage.csproj", "{EBCA6B54-9313-495C-8638-605BC5887D18}"
EndProject
Global
	GlobalSection(SolutionConfigurationPlatforms) = preSolution
		Debug|Any CPU = Debug|Any CPU
		Release|Any CPU = Release|Any CPU
	EndGlobalSection
	GlobalSection(ProjectConfigurationPlatforms) = postSolution
		{EBCA6B54-9313-495C-8638-605BC5887D18}.Debug|Any CPU.ActiveCfg = Debug|Any CPU
		{EBCA6B54-9313-495C-8638-605BC5887D18}.Debug|Any CPU.Build.0 = Debug|Any CPU
		{EBCA6B54-9313-495C-8638-605BC5887D18}.Release|Any CPU.ActiveCfg = Release|Any CPU
		{EBCA6B54-9313-495C-8638-605BC5887D18}.Release|Any CPU.Build.0 = Release|Any CPU
	EndGlobalSection
	GlobalSection(SolutionProperties) = preSolution
		HideSolutionNode = FALSE
	EndGlobalSection
	GlobalSection(ExtensibilityGlobals) = postSolution
		SolutionGuid = {C28ABC14-9AE1-4176-B372-8B7BD48F1A9B}
	EndGlobalSection
EndGlobal
